
Microsoft Visual Studio Solution File, Format Version 12.00
# Visual Studio Version 16
VisualStudioVersion = 16.0.29926.136
MinimumVisualStudioVersion = 10.0.40219.1
Project("{FAE04EC0-301F-11D3-BF4B-00C04F79EFBC}") = "tugasGUI", "tugasGUI\tugasGUI.csproj", "{A028E393-723E-4B70-AFB7-F8755D44B117}"
EndProject
Global
	GlobalSection(SolutionConfigurationPlatforms) = preSolution
		Debug|Any CPU = Debug|Any CPU
		Release|Any CPU = Release|Any CPU
	EndGlobalSection
	GlobalSection(ProjectConfigurationPlatforms) = postSolution
		{A028E393-723E-4B70-AFB7-F8755D44B117}.Debug|Any CPU.ActiveCfg = Debug|Any CPU
		{A028E393-723E-4B70-AFB7-F8755D44B117}.Debug|Any CPU.Build.0 = Debug|Any CPU
		{A028E393-723E-4B70-AFB7-F8755D44B117}.Release|Any CPU.ActiveCfg = Release|Any CPU
		{A028E393-723E-4B70-AFB7-F8755D44B117}.Release|Any CPU.Build.0 = Release|Any CPU
	EndGlobalSection
	GlobalSection(SolutionProperties) = preSolution
		HideSolutionNode = FALSE
	EndGlobalSection
	GlobalSection(ExtensibilityGlobals) = postSolution
		SolutionGuid = {8620D343-CB64-4A2B-86A4-38C754659145}
	EndGlobalSection
EndGlobal
